
Microsoft Visual Studio Solution File, Format Version 12.00
# Visual Studio Version 16
VisualStudioVersion = 16.0.30517.126
MinimumVisualStudioVersion = 10.0.40219.1
Project("{9A19103F-16F7-4668-BE54-9A1E7A4F7556}") = "EventsProject", "Events_Project\EventsProject.csproj", "{0EC95603-C71B-4522-BAB1-10FE4099917A}"
EndProject
Project("{9A19103F-16F7-4668-BE54-9A1E7A4F7556}") = "EventsProjectBusiness", "CRUDManager\EventsProjectBusiness.csproj", "{A41616AE-7D5B-4095-8110-9195BEA4E12C}"
EndProject
Project("{9A19103F-16F7-4668-BE54-9A1E7A4F7556}") = "EventsProjectGUI", "Events_Project_GUI\EventsProjectGUI.csproj", "{BBAE6456-0845-48DF-98F4-41C800E0AE03}"
EndProject
Project("{FAE04EC0-301F-11D3-BF4B-00C04F79EFBC}") = "EventsProjectTests", "EventsProjectTests\EventsProjectTests.csproj", "{305D8677-39B9-46D3-A48C-8F8FFE162FC2}"
EndProject
Global
	GlobalSection(SolutionConfigurationPlatforms) = preSolution
		Debug|Any CPU = Debug|Any CPU
		Release|Any CPU = Release|Any CPU
	EndGlobalSection
	GlobalSection(ProjectConfigurationPlatforms) = postSolution
		{0EC95603-C71B-4522-BAB1-10FE4099917A}.Debug|Any CPU.ActiveCfg = Debug|Any CPU
		{0EC95603-C71B-4522-BAB1-10FE4099917A}.Debug|Any CPU.Build.0 = Debug|Any CPU
		{0EC95603-C71B-4522-BAB1-10FE4099917A}.Release|Any CPU.ActiveCfg = Release|Any CPU
		{0EC95603-C71B-4522-BAB1-10FE4099917A}.Release|Any CPU.Build.0 = Release|Any CPU
		{A41616AE-7D5B-4095-8110-9195BEA4E12C}.Debug|Any CPU.ActiveCfg = Debug|Any CPU
		{A41616AE-7D5B-4095-8110-9195BEA4E12C}.Debug|Any CPU.Build.0 = Debug|Any CPU
		{A41616AE-7D5B-4095-8110-9195BEA4E12C}.Release|Any CPU.ActiveCfg = Release|Any CPU
		{A41616AE-7D5B-4095-8110-9195BEA4E12C}.Release|Any CPU.Build.0 = Release|Any CPU
		{BBAE6456-0845-48DF-98F4-41C800E0AE03}.Debug|Any CPU.ActiveCfg = Debug|Any CPU
		{BBAE6456-0845-48DF-98F4-41C800E0AE03}.Debug|Any CPU.Build.0 = Debug|Any CPU
		{BBAE6456-0845-48DF-98F4-41C800E0AE03}.Release|Any CPU.ActiveCfg = Release|Any CPU
		{BBAE6456-0845-48DF-98F4-41C800E0AE03}.Release|Any CPU.Build.0 = Release|Any CPU
		{305D8677-39B9-46D3-A48C-8F8FFE162FC2}.Debug|Any CPU.ActiveCfg = Debug|Any CPU
		{305D8677-39B9-46D3-A48C-8F8FFE162FC2}.Debug|Any CPU.Build.0 = Debug|Any CPU
		{305D8677-39B9-46D3-A48C-8F8FFE162FC2}.Release|Any CPU.ActiveCfg = Release|Any CPU
		{305D8677-39B9-46D3-A48C-8F8FFE162FC2}.Release|Any CPU.Build.0 = Release|Any CPU
	EndGlobalSection
	GlobalSection(SolutionProperties) = preSolution
		HideSolutionNode = FALSE
	EndGlobalSection
	GlobalSection(ExtensibilityGlobals) = postSolution
		SolutionGuid = {ADFB0120-B1B8-4738-9A5D-346641BC4BC8}
	EndGlobalSection
EndGlobal
